
Microsoft Visual Studio Solution File, Format Version 12.00
# Visual Studio 14
VisualStudioVersion = 14.0.24720.0
MinimumVisualStudioVersion = 10.0.40219.1
Project("{FAE04EC0-301F-11D3-BF4B-00C04F79EFBC}") = "Scene3D", "Scene3D\Scene3D.csproj", "{24B01440-EE4E-4BB0-9B01-5793EF1C2459}"
EndProject
Project("{FAE04EC0-301F-11D3-BF4B-00C04F79EFBC}") = "TheMathLibrary", "..\The Math Library\TheMathLibrary\TheMathLibrary.csproj", "{9BA970B7-3D84-473C-B421-4835BD52A2A5}"
EndProject
Project("{F088123C-0E9E-452A-89E6-6BA2F21D5CAC}") = "ModelingProject3", "ModelingProject3\ModelingProject3.modelproj", "{A9B59368-3FED-4EC3-8B87-F6268B1B69AE}"
EndProject
Global
	GlobalSection(SolutionConfigurationPlatforms) = preSolution
		Debug|Any CPU = Debug|Any CPU
		Release|Any CPU = Release|Any CPU
	EndGlobalSection
	GlobalSection(ProjectConfigurationPlatforms) = postSolution
		{24B01440-EE4E-4BB0-9B01-5793EF1C2459}.Debug|Any CPU.ActiveCfg = Debug|Any CPU
		{24B01440-EE4E-4BB0-9B01-5793EF1C2459}.Debug|Any CPU.Build.0 = Debug|Any CPU
		{24B01440-EE4E-4BB0-9B01-5793EF1C2459}.Release|Any CPU.ActiveCfg = Release|Any CPU
		{24B01440-EE4E-4BB0-9B01-5793EF1C2459}.Release|Any CPU.Build.0 = Release|Any CPU
		{9BA970B7-3D84-473C-B421-4835BD52A2A5}.Debug|Any CPU.ActiveCfg = Debug|Any CPU
		{9BA970B7-3D84-473C-B421-4835BD52A2A5}.Debug|Any CPU.Build.0 = Debug|Any CPU
		{9BA970B7-3D84-473C-B421-4835BD52A2A5}.Release|Any CPU.ActiveCfg = Release|Any CPU
		{9BA970B7-3D84-473C-B421-4835BD52A2A5}.Release|Any CPU.Build.0 = Release|Any CPU
		{A9B59368-3FED-4EC3-8B87-F6268B1B69AE}.Debug|Any CPU.ActiveCfg = Debug|Any CPU
		{A9B59368-3FED-4EC3-8B87-F6268B1B69AE}.Debug|Any CPU.Build.0 = Debug|Any CPU
		{A9B59368-3FED-4EC3-8B87-F6268B1B69AE}.Release|Any CPU.ActiveCfg = Release|Any CPU
		{A9B59368-3FED-4EC3-8B87-F6268B1B69AE}.Release|Any CPU.Build.0 = Release|Any CPU
	EndGlobalSection
	GlobalSection(SolutionProperties) = preSolution
		HideSolutionNode = FALSE
	EndGlobalSection
EndGlobal
