
Microsoft Visual Studio Solution File, Format Version 12.00
# Visual Studio 14
VisualStudioVersion = 14.0.24720.0
MinimumVisualStudioVersion = 10.0.40219.1
Project("{FAE04EC0-301F-11D3-BF4B-00C04F79EFBC}") = "MathLibraryTest", "MathLibraryTest\MathLibraryTest.csproj", "{80458D7C-6E29-4717-AE78-9D85351E5D0F}"
EndProject
Project("{FAE04EC0-301F-11D3-BF4B-00C04F79EFBC}") = "TheMathLibrary", "TheMathLibrary\TheMathLibrary.csproj", "{9BA970B7-3D84-473C-B421-4835BD52A2A5}"
EndProject
Global
	GlobalSection(SolutionConfigurationPlatforms) = preSolution
		Debug|Any CPU = Debug|Any CPU
		Release|Any CPU = Release|Any CPU
	EndGlobalSection
	GlobalSection(ProjectConfigurationPlatforms) = postSolution
		{80458D7C-6E29-4717-AE78-9D85351E5D0F}.Debug|Any CPU.ActiveCfg = Debug|Any CPU
		{80458D7C-6E29-4717-AE78-9D85351E5D0F}.Debug|Any CPU.Build.0 = Debug|Any CPU
		{80458D7C-6E29-4717-AE78-9D85351E5D0F}.Release|Any CPU.ActiveCfg = Release|Any CPU
		{80458D7C-6E29-4717-AE78-9D85351E5D0F}.Release|Any CPU.Build.0 = Release|Any CPU
		{9BA970B7-3D84-473C-B421-4835BD52A2A5}.Debug|Any CPU.ActiveCfg = Debug|Any CPU
		{9BA970B7-3D84-473C-B421-4835BD52A2A5}.Debug|Any CPU.Build.0 = Debug|Any CPU
		{9BA970B7-3D84-473C-B421-4835BD52A2A5}.Release|Any CPU.ActiveCfg = Release|Any CPU
		{9BA970B7-3D84-473C-B421-4835BD52A2A5}.Release|Any CPU.Build.0 = Release|Any CPU
	EndGlobalSection
	GlobalSection(SolutionProperties) = preSolution
		HideSolutionNode = FALSE
	EndGlobalSection
EndGlobal
